
Microsoft Visual Studio Solution File, Format Version 12.00
# Visual Studio Version 17
VisualStudioVersion = 17.0.31903.59
MinimumVisualStudioVersion = 10.0.40219.1
Project("{9A19103F-16F7-4668-BE54-9A1E7A4F7556}") = "VetFlowCore-API", "VetFlowCore-API\VetFlowCore-API.csproj", "{0897DEC1-92C0-42F8-9B1B-C407F2312268}"
EndProject
Project("{FAE04EC0-301F-11D3-BF4B-00C04F79EFBC}") = "VetFlowCore-API-Test", "VetFlowCoreAPI-Test\VetFlowCore-API-Test.csproj", "{0E299A11-E791-44E9-B330-1BE06144EA66}"
EndProject
Global
	GlobalSection(SolutionConfigurationPlatforms) = preSolution
		Debug|Any CPU = Debug|Any CPU
		Release|Any CPU = Release|Any CPU
	EndGlobalSection
	GlobalSection(ProjectConfigurationPlatforms) = postSolution
		{0897DEC1-92C0-42F8-9B1B-C407F2312268}.Debug|Any CPU.ActiveCfg = Debug|Any CPU
		{0897DEC1-92C0-42F8-9B1B-C407F2312268}.Debug|Any CPU.Build.0 = Debug|Any CPU
		{0897DEC1-92C0-42F8-9B1B-C407F2312268}.Release|Any CPU.ActiveCfg = Release|Any CPU
		{0897DEC1-92C0-42F8-9B1B-C407F2312268}.Release|Any CPU.Build.0 = Release|Any CPU
		{0E299A11-E791-44E9-B330-1BE06144EA66}.Debug|Any CPU.ActiveCfg = Debug|Any CPU
		{0E299A11-E791-44E9-B330-1BE06144EA66}.Debug|Any CPU.Build.0 = Debug|Any CPU
		{0E299A11-E791-44E9-B330-1BE06144EA66}.Release|Any CPU.ActiveCfg = Release|Any CPU
		{0E299A11-E791-44E9-B330-1BE06144EA66}.Release|Any CPU.Build.0 = Release|Any CPU
	EndGlobalSection
	GlobalSection(SolutionProperties) = preSolution
		HideSolutionNode = FALSE
	EndGlobalSection
	GlobalSection(ExtensibilityGlobals) = postSolution
		SolutionGuid = {5BE297B6-C702-4E9E-ABAB-8A8B36ED2D93}
	EndGlobalSection
EndGlobal
